
Microsoft Visual Studio Solution File, Format Version 12.00
# Visual Studio 14
VisualStudioVersion = 14.0.25420.1
MinimumVisualStudioVersion = 10.0.40219.1
Project("{8BC9CEB8-8B4A-11D0-8D11-00A0C91BC942}") = "exceptions", "exceptions\exceptions.vcxproj", "{287876F1-0C76-4ADB-A404-5EC6DABFF8F6}"
EndProject
Project("{8BC9CEB8-8B4A-11D0-8D11-00A0C91BC942}") = "files", "files\files.vcxproj", "{5DA47993-E4E4-4E97-B164-1FF68F98C05D}"
EndProject
Global
	GlobalSection(SolutionConfigurationPlatforms) = preSolution
		Debug|x64 = Debug|x64
		Release|x64 = Release|x64
	EndGlobalSection
	GlobalSection(ProjectConfigurationPlatforms) = postSolution
		{287876F1-0C76-4ADB-A404-5EC6DABFF8F6}.Debug|x64.ActiveCfg = Debug|x64
		{287876F1-0C76-4ADB-A404-5EC6DABFF8F6}.Debug|x64.Build.0 = Debug|x64
		{287876F1-0C76-4ADB-A404-5EC6DABFF8F6}.Release|x64.ActiveCfg = Release|x64
		{287876F1-0C76-4ADB-A404-5EC6DABFF8F6}.Release|x64.Build.0 = Release|x64
		{5DA47993-E4E4-4E97-B164-1FF68F98C05D}.Debug|x64.ActiveCfg = Debug|x64
		{5DA47993-E4E4-4E97-B164-1FF68F98C05D}.Debug|x64.Build.0 = Debug|x64
		{5DA47993-E4E4-4E97-B164-1FF68F98C05D}.Release|x64.ActiveCfg = Release|x64
		{5DA47993-E4E4-4E97-B164-1FF68F98C05D}.Release|x64.Build.0 = Release|x64
	EndGlobalSection
	GlobalSection(SolutionProperties) = preSolution
		HideSolutionNode = FALSE
	EndGlobalSection
EndGlobal
