<?xml version="1.0" encoding="utf-8"?>
<Project ToolsVersion="4.0" xmlns="http://schemas.microsoft.com/developer/msbuild/2003">
  <ItemGroup>
    <ClCompile Include="src\main.cpp" />
    <ClCompile Include="src\s02-exceptions\002-exceptions-basics.cpp" />
    <ClCompile Include="src\s02-exceptions\003-standard-exceptions.cpp" />
    <ClCompile Include="src\s02-exceptions\004-custom-exceptions.cpp" />
    <ClCompile Include="src\s02-exceptions\005-exception-catching-order.cpp" />
  </ItemGroup>
</Project>