<?xml version="1.0" encoding="utf-8"?>
<Project ToolsVersion="4.0" xmlns="http://schemas.microsoft.com/developer/msbuild/2003">
  <ItemGroup>
    <ClCompile Include="src\main.cpp" />
    <ClCompile Include="src\006-writing-text-files.cpp" />
    <ClCompile Include="src\007-reading-text-files.cpp" />
    <ClCompile Include="src\008-parsing-text-files.cpp" />
    <ClCompile Include="src\009-structs-and-padding.cpp" />
  </ItemGroup>
  <ItemGroup>
    <Text Include="resources\test.txt" />
    <Text Include="resources\stats.txt" />
  </ItemGroup>
  <ItemGroup>
    <ClInclude Include="include\009-structs-and-padding.h" />
  </ItemGroup>
</Project>